{
  "name": "kendofilter2jsonlogic",
  "version": "0.0.1",
  "lockfileVersion": 1,
  "requires": true,
  "dependencies": {
    "json-logic-js": {
      "version": "1.2.2",
      "resolved": "https://registry.npmjs.org/json-logic-js/-/json-logic-js-1.2.2.tgz",
      "integrity": "sha1-5cOCqm3yXfSF7erTOYaTlsUzr+g=",
      "dev": true
    }
  }
}
